
Microsoft Visual Studio Solution File, Format Version 12.00
# Visual Studio Version 16
VisualStudioVersion = 16.0.29123.88
MinimumVisualStudioVersion = 10.0.40219.1
Project("{FAE04EC0-301F-11D3-BF4B-00C04F79EFBC}") = "AccountOwnerServer", "AccountOwnerServer.csproj", "{A112358B-F001-45D6-B249-0242C68CED84}"
EndProject
Global
	GlobalSection(SolutionConfigurationPlatforms) = preSolution
		Debug|Any CPU = Debug|Any CPU
		Release|Any CPU = Release|Any CPU
	EndGlobalSection
	GlobalSection(ProjectConfigurationPlatforms) = postSolution
		{A112358B-F001-45D6-B249-0242C68CED84}.Debug|Any CPU.ActiveCfg = Debug|Any CPU
		{A112358B-F001-45D6-B249-0242C68CED84}.Debug|Any CPU.Build.0 = Debug|Any CPU
		{A112358B-F001-45D6-B249-0242C68CED84}.Release|Any CPU.ActiveCfg = Release|Any CPU
		{A112358B-F001-45D6-B249-0242C68CED84}.Release|Any CPU.Build.0 = Release|Any CPU
	EndGlobalSection
	GlobalSection(SolutionProperties) = preSolution
		HideSolutionNode = FALSE
	EndGlobalSection
	GlobalSection(ExtensibilityGlobals) = postSolution
		SolutionGuid = {57521BBE-419E-4398-ACC3-BFA47947D0D4}
	EndGlobalSection
EndGlobal
